
Microsoft Visual Studio Solution File, Format Version 12.00
# Visual Studio 15
VisualStudioVersion = 15.0.28307.1259
MinimumVisualStudioVersion = 10.0.40219.1
Project("{FAE04EC0-301F-11D3-BF4B-00C04F79EFBC}") = "ByteBank.SistemaAgencia", "ByteBank.SistemaAgencia\ByteBank.SistemaAgencia.csproj", "{28BDFA58-344C-4F17-BE6A-6ECA0A4C5BF9}"
EndProject
Project("{FAE04EC0-301F-11D3-BF4B-00C04F79EFBC}") = "ByteBank.Modelos", "ByteBank.Modelos\ByteBank.Modelos.csproj", "{5C35A7DB-99EB-42B4-848F-5198F9D5BBDD}"
EndProject
Global
	GlobalSection(SolutionConfigurationPlatforms) = preSolution
		Debug|Any CPU = Debug|Any CPU
		Release|Any CPU = Release|Any CPU
	EndGlobalSection
	GlobalSection(ProjectConfigurationPlatforms) = postSolution
		{28BDFA58-344C-4F17-BE6A-6ECA0A4C5BF9}.Debug|Any CPU.ActiveCfg = Debug|Any CPU
		{28BDFA58-344C-4F17-BE6A-6ECA0A4C5BF9}.Debug|Any CPU.Build.0 = Debug|Any CPU
		{28BDFA58-344C-4F17-BE6A-6ECA0A4C5BF9}.Release|Any CPU.ActiveCfg = Release|Any CPU
		{28BDFA58-344C-4F17-BE6A-6ECA0A4C5BF9}.Release|Any CPU.Build.0 = Release|Any CPU
		{5C35A7DB-99EB-42B4-848F-5198F9D5BBDD}.Debug|Any CPU.ActiveCfg = Debug|Any CPU
		{5C35A7DB-99EB-42B4-848F-5198F9D5BBDD}.Debug|Any CPU.Build.0 = Debug|Any CPU
		{5C35A7DB-99EB-42B4-848F-5198F9D5BBDD}.Release|Any CPU.ActiveCfg = Release|Any CPU
		{5C35A7DB-99EB-42B4-848F-5198F9D5BBDD}.Release|Any CPU.Build.0 = Release|Any CPU
	EndGlobalSection
	GlobalSection(SolutionProperties) = preSolution
		HideSolutionNode = FALSE
	EndGlobalSection
	GlobalSection(ExtensibilityGlobals) = postSolution
		SolutionGuid = {28A60BD3-245E-49DA-8E80-E3A840BB0B65}
	EndGlobalSection
EndGlobal
