
Microsoft Visual Studio Solution File, Format Version 12.00
# Visual Studio 15
VisualStudioVersion = 15.0.28307.1259
MinimumVisualStudioVersion = 10.0.40219.1
Project("{FAE04EC0-301F-11D3-BF4B-00C04F79EFBC}") = "ByteBank", "ByteBank\ByteBank.csproj", "{6632B8A4-1500-4EDA-9B10-0C7F6E9D80F4}"
EndProject
Global
	GlobalSection(SolutionConfigurationPlatforms) = preSolution
		Debug|Any CPU = Debug|Any CPU
		Release|Any CPU = Release|Any CPU
	EndGlobalSection
	GlobalSection(ProjectConfigurationPlatforms) = postSolution
		{6632B8A4-1500-4EDA-9B10-0C7F6E9D80F4}.Debug|Any CPU.ActiveCfg = Debug|Any CPU
		{6632B8A4-1500-4EDA-9B10-0C7F6E9D80F4}.Debug|Any CPU.Build.0 = Debug|Any CPU
		{6632B8A4-1500-4EDA-9B10-0C7F6E9D80F4}.Release|Any CPU.ActiveCfg = Release|Any CPU
		{6632B8A4-1500-4EDA-9B10-0C7F6E9D80F4}.Release|Any CPU.Build.0 = Release|Any CPU
	EndGlobalSection
	GlobalSection(SolutionProperties) = preSolution
		HideSolutionNode = FALSE
	EndGlobalSection
	GlobalSection(ExtensibilityGlobals) = postSolution
		SolutionGuid = {FC63A432-7EC8-4E63-87E7-D4883FA4AE34}
	EndGlobalSection
EndGlobal
